
Microsoft Visual Studio Solution File, Format Version 12.00
# Visual Studio Version 17
VisualStudioVersion = 17.3.32922.545
MinimumVisualStudioVersion = 10.0.40219.1
Project("{FAE04EC0-301F-11D3-BF4B-00C04F79EFBC}") = "OnTapKiemTraSo1", "OnTapKiemTraSo1.csproj", "{8442CF5C-9A66-4C7E-8607-5B79E8FF7109}"
EndProject
Global
	GlobalSection(SolutionConfigurationPlatforms) = preSolution
		Debug|Any CPU = Debug|Any CPU
		Release|Any CPU = Release|Any CPU
	EndGlobalSection
	GlobalSection(ProjectConfigurationPlatforms) = postSolution
		{8442CF5C-9A66-4C7E-8607-5B79E8FF7109}.Debug|Any CPU.ActiveCfg = Debug|Any CPU
		{8442CF5C-9A66-4C7E-8607-5B79E8FF7109}.Debug|Any CPU.Build.0 = Debug|Any CPU
		{8442CF5C-9A66-4C7E-8607-5B79E8FF7109}.Release|Any CPU.ActiveCfg = Release|Any CPU
		{8442CF5C-9A66-4C7E-8607-5B79E8FF7109}.Release|Any CPU.Build.0 = Release|Any CPU
	EndGlobalSection
	GlobalSection(SolutionProperties) = preSolution
		HideSolutionNode = FALSE
	EndGlobalSection
	GlobalSection(ExtensibilityGlobals) = postSolution
		SolutionGuid = {7A68E815-7F85-4F80-82C3-7839D88D56EE}
	EndGlobalSection
EndGlobal
