
Microsoft Visual Studio Solution File, Format Version 12.00
# Visual Studio Version 17
VisualStudioVersion = 17.3.32922.545
MinimumVisualStudioVersion = 10.0.40219.1
Project("{FAE04EC0-301F-11D3-BF4B-00C04F79EFBC}") = "Bai9Phieu1", "Bai9Phieu1.csproj", "{BCE7184C-C2FC-4E7E-8D02-BBC9DA27282D}"
EndProject
Global
	GlobalSection(SolutionConfigurationPlatforms) = preSolution
		Debug|Any CPU = Debug|Any CPU
		Release|Any CPU = Release|Any CPU
	EndGlobalSection
	GlobalSection(ProjectConfigurationPlatforms) = postSolution
		{BCE7184C-C2FC-4E7E-8D02-BBC9DA27282D}.Debug|Any CPU.ActiveCfg = Debug|Any CPU
		{BCE7184C-C2FC-4E7E-8D02-BBC9DA27282D}.Debug|Any CPU.Build.0 = Debug|Any CPU
		{BCE7184C-C2FC-4E7E-8D02-BBC9DA27282D}.Release|Any CPU.ActiveCfg = Release|Any CPU
		{BCE7184C-C2FC-4E7E-8D02-BBC9DA27282D}.Release|Any CPU.Build.0 = Release|Any CPU
	EndGlobalSection
	GlobalSection(SolutionProperties) = preSolution
		HideSolutionNode = FALSE
	EndGlobalSection
	GlobalSection(ExtensibilityGlobals) = postSolution
		SolutionGuid = {83C4A859-DFCF-4BBA-A672-E4AC5F2FF251}
	EndGlobalSection
EndGlobal
